
Microsoft Visual Studio Solution File, Format Version 12.00
# Visual Studio 15
VisualStudioVersion = 15.0.28010.2026
MinimumVisualStudioVersion = 10.0.40219.1
Project("{FAE04EC0-301F-11D3-BF4B-00C04F79EFBC}") = "WFAttendListener", "WFAttendListener\WFAttendListener.csproj", "{3728DEE4-FF55-4D1B-BF4F-4097F386486C}"
EndProject
Global
	GlobalSection(SolutionConfigurationPlatforms) = preSolution
		Debug|Any CPU = Debug|Any CPU
		Release|Any CPU = Release|Any CPU
	EndGlobalSection
	GlobalSection(ProjectConfigurationPlatforms) = postSolution
		{3728DEE4-FF55-4D1B-BF4F-4097F386486C}.Debug|Any CPU.ActiveCfg = Debug|Any CPU
		{3728DEE4-FF55-4D1B-BF4F-4097F386486C}.Debug|Any CPU.Build.0 = Debug|Any CPU
		{3728DEE4-FF55-4D1B-BF4F-4097F386486C}.Release|Any CPU.ActiveCfg = Release|Any CPU
		{3728DEE4-FF55-4D1B-BF4F-4097F386486C}.Release|Any CPU.Build.0 = Release|Any CPU
	EndGlobalSection
	GlobalSection(SolutionProperties) = preSolution
		HideSolutionNode = FALSE
	EndGlobalSection
	GlobalSection(ExtensibilityGlobals) = postSolution
		SolutionGuid = {ECB50A98-70EB-45FD-83F6-FAAD2B06183F}
	EndGlobalSection
EndGlobal
